
Microsoft Visual Studio Solution File, Format Version 12.00
# Visual Studio 2013
VisualStudioVersion = 12.0.30110.0
MinimumVisualStudioVersion = 10.0.40219.1
Project("{FAE04EC0-301F-11D3-BF4B-00C04F79EFBC}") = "JVFloatSharpSample", "JVFloatSharpSample.csproj", "{CD0A47D8-A603-4734-8AAC-3E6A2DA81282}"
EndProject
Global
	GlobalSection(SolutionConfigurationPlatforms) = preSolution
		Ad-Hoc|iPhone = Ad-Hoc|iPhone
		Ad-Hoc|iPhoneSimulator = Ad-Hoc|iPhoneSimulator
		AppStore|iPhone = AppStore|iPhone
		AppStore|iPhoneSimulator = AppStore|iPhoneSimulator
		Debug|iPhone = Debug|iPhone
		Debug|iPhoneSimulator = Debug|iPhoneSimulator
		Release|iPhone = Release|iPhone
		Release|iPhoneSimulator = Release|iPhoneSimulator
	EndGlobalSection
	GlobalSection(ProjectConfigurationPlatforms) = postSolution
		{CD0A47D8-A603-4734-8AAC-3E6A2DA81282}.Ad-Hoc|iPhone.ActiveCfg = Ad-Hoc|iPhone
		{CD0A47D8-A603-4734-8AAC-3E6A2DA81282}.Ad-Hoc|iPhone.Build.0 = Ad-Hoc|iPhone
		{CD0A47D8-A603-4734-8AAC-3E6A2DA81282}.Ad-Hoc|iPhoneSimulator.ActiveCfg = Ad-Hoc|iPhone
		{CD0A47D8-A603-4734-8AAC-3E6A2DA81282}.AppStore|iPhone.ActiveCfg = AppStore|iPhone
		{CD0A47D8-A603-4734-8AAC-3E6A2DA81282}.AppStore|iPhone.Build.0 = AppStore|iPhone
		{CD0A47D8-A603-4734-8AAC-3E6A2DA81282}.AppStore|iPhoneSimulator.ActiveCfg = AppStore|iPhone
		{CD0A47D8-A603-4734-8AAC-3E6A2DA81282}.Debug|iPhone.ActiveCfg = Debug|iPhone
		{CD0A47D8-A603-4734-8AAC-3E6A2DA81282}.Debug|iPhone.Build.0 = Debug|iPhone
		{CD0A47D8-A603-4734-8AAC-3E6A2DA81282}.Debug|iPhone.Deploy.0 = Debug|iPhone
		{CD0A47D8-A603-4734-8AAC-3E6A2DA81282}.Debug|iPhoneSimulator.ActiveCfg = Debug|iPhoneSimulator
		{CD0A47D8-A603-4734-8AAC-3E6A2DA81282}.Debug|iPhoneSimulator.Build.0 = Debug|iPhoneSimulator
		{CD0A47D8-A603-4734-8AAC-3E6A2DA81282}.Release|iPhone.ActiveCfg = Release|iPhone
		{CD0A47D8-A603-4734-8AAC-3E6A2DA81282}.Release|iPhone.Build.0 = Release|iPhone
		{CD0A47D8-A603-4734-8AAC-3E6A2DA81282}.Release|iPhoneSimulator.ActiveCfg = Release|iPhoneSimulator
		{CD0A47D8-A603-4734-8AAC-3E6A2DA81282}.Release|iPhoneSimulator.Build.0 = Release|iPhoneSimulator
	EndGlobalSection
	GlobalSection(SolutionProperties) = preSolution
		HideSolutionNode = FALSE
	EndGlobalSection
	GlobalSection(MonoDevelopProperties) = preSolution
		StartupItem = JVFloatSharpSample.csproj
	EndGlobalSection
EndGlobal
